
Microsoft Visual Studio Solution File, Format Version 12.00
# Visual Studio Version 17
VisualStudioVersion = 17.7.34202.233
MinimumVisualStudioVersion = 10.0.40219.1
Project("{8BC9CEB8-8B4A-11D0-8D11-00A0C91BC942}") = "m2_lab3", "m2_lab3.vcxproj", "{BA7C0E9F-4F19-40F9-8ED1-B7C5F81A38FD}"
EndProject
Global
	GlobalSection(SolutionConfigurationPlatforms) = preSolution
		Debug|x64 = Debug|x64
		Debug|x86 = Debug|x86
		Release|x64 = Release|x64
		Release|x86 = Release|x86
	EndGlobalSection
	GlobalSection(ProjectConfigurationPlatforms) = postSolution
		{BA7C0E9F-4F19-40F9-8ED1-B7C5F81A38FD}.Debug|x64.ActiveCfg = Debug|x64
		{BA7C0E9F-4F19-40F9-8ED1-B7C5F81A38FD}.Debug|x64.Build.0 = Debug|x64
		{BA7C0E9F-4F19-40F9-8ED1-B7C5F81A38FD}.Debug|x86.ActiveCfg = Debug|Win32
		{BA7C0E9F-4F19-40F9-8ED1-B7C5F81A38FD}.Debug|x86.Build.0 = Debug|Win32
		{BA7C0E9F-4F19-40F9-8ED1-B7C5F81A38FD}.Release|x64.ActiveCfg = Release|x64
		{BA7C0E9F-4F19-40F9-8ED1-B7C5F81A38FD}.Release|x64.Build.0 = Release|x64
		{BA7C0E9F-4F19-40F9-8ED1-B7C5F81A38FD}.Release|x86.ActiveCfg = Release|Win32
		{BA7C0E9F-4F19-40F9-8ED1-B7C5F81A38FD}.Release|x86.Build.0 = Release|Win32
	EndGlobalSection
	GlobalSection(SolutionProperties) = preSolution
		HideSolutionNode = FALSE
	EndGlobalSection
	GlobalSection(ExtensibilityGlobals) = postSolution
		SolutionGuid = {E85FF003-5310-4FA8-BF7C-479EAC5DA0ED}
	EndGlobalSection
EndGlobal
